
Microsoft Visual Studio Solution File, Format Version 12.00
# Visual Studio Version 16
VisualStudioVersion = 16.0.31702.278
MinimumVisualStudioVersion = 10.0.40219.1
Project("{FAE04EC0-301F-11D3-BF4B-00C04F79EFBC}") = "Balizas", "Balizas\Balizas.csproj", "{3DC5C53B-C20A-498F-ACB6-01EA1E4D7053}"
EndProject
Global
	GlobalSection(SolutionConfigurationPlatforms) = preSolution
		Debug|Any CPU = Debug|Any CPU
		Release|Any CPU = Release|Any CPU
	EndGlobalSection
	GlobalSection(ProjectConfigurationPlatforms) = postSolution
		{3DC5C53B-C20A-498F-ACB6-01EA1E4D7053}.Debug|Any CPU.ActiveCfg = Debug|Any CPU
		{3DC5C53B-C20A-498F-ACB6-01EA1E4D7053}.Debug|Any CPU.Build.0 = Debug|Any CPU
		{3DC5C53B-C20A-498F-ACB6-01EA1E4D7053}.Release|Any CPU.ActiveCfg = Release|Any CPU
		{3DC5C53B-C20A-498F-ACB6-01EA1E4D7053}.Release|Any CPU.Build.0 = Release|Any CPU
	EndGlobalSection
	GlobalSection(SolutionProperties) = preSolution
		HideSolutionNode = FALSE
	EndGlobalSection
	GlobalSection(ExtensibilityGlobals) = postSolution
		SolutionGuid = {DF77BF52-5A87-41D2-B4FB-027C0FF2E540}
	EndGlobalSection
EndGlobal
